github.com/d-darwin/go-storage v0.0.0-20220125164146-8b63a4142112 h1:xzG9DNHDhhEpxyz4wMFMu6vFFsKI1YgcUZKoWebpGrE=
github.com/d-darwin/go-storage v0.0.0-20220125164146-8b63a4142112/go.mod h1:MRQt+iZpSaLPs7Xs/A88G7ftiMzorQqQFTLNENwnKg8=
github.com/google/uuid v1.3.0 h1:t6JiXgmwXMjEs8VusXIJk2BXHsn+wx8BZdTaoZ5fu7I=
github.com/google/uuid v1.3.0/go.mod h1:TIyPZe4MgqvfeYDBFedMoGGpEw/LqOeaOT+nhxU+yHo=
